
Microsoft Visual Studio Solution File, Format Version 12.00
# Visual Studio Version 16
VisualStudioVersion = 16.0.30114.105
MinimumVisualStudioVersion = 10.0.40219.1
Project("{2150E333-8FDC-42A3-9474-1A3956D46DE8}") = "Services", "Services", "{1FA68DFB-81EB-4AC3-9099-9621500657AB}"
EndProject
Project("{2150E333-8FDC-42A3-9474-1A3956D46DE8}") = "Catalog", "Catalog", "{AFDEC2F9-78E0-41EA-A882-40C30EA0190E}"
EndProject
Project("{FAE04EC0-301F-11D3-BF4B-00C04F79EFBC}") = "Catalog.API", "Services\Catalog\Catalog.API\Catalog.API.csproj", "{475C9932-7985-4552-9314-C15DD3A2AEE2}"
EndProject
Project("{2150E333-8FDC-42A3-9474-1A3956D46DE8}") = "Basket", "Basket", "{94144E00-37C8-4B16-AC8F-7F77F3EF9D27}"
EndProject
Project("{FAE04EC0-301F-11D3-BF4B-00C04F79EFBC}") = "Basket.API", "Services\Basket\Basket.API\Basket.API.csproj", "{F13AC38D-5489-45E2-9EBA-DB96CE45D96D}"
EndProject
Project("{2150E333-8FDC-42A3-9474-1A3956D46DE8}") = "Discount", "Discount", "{6369126F-4271-41CC-9A49-E487BD18544A}"
EndProject
Project("{FAE04EC0-301F-11D3-BF4B-00C04F79EFBC}") = "Discount.API", "Services\Discount\Discount.API\Discount.API.csproj", "{BE1D18FF-B93E-46AA-B4F5-4DD4E5D7D77C}"
EndProject
Global
	GlobalSection(SolutionConfigurationPlatforms) = preSolution
		Debug|Any CPU = Debug|Any CPU
		Release|Any CPU = Release|Any CPU
	EndGlobalSection
	GlobalSection(SolutionProperties) = preSolution
		HideSolutionNode = FALSE
	EndGlobalSection
	GlobalSection(ProjectConfigurationPlatforms) = postSolution
		{475C9932-7985-4552-9314-C15DD3A2AEE2}.Debug|Any CPU.ActiveCfg = Debug|Any CPU
		{475C9932-7985-4552-9314-C15DD3A2AEE2}.Debug|Any CPU.Build.0 = Debug|Any CPU
		{475C9932-7985-4552-9314-C15DD3A2AEE2}.Release|Any CPU.ActiveCfg = Release|Any CPU
		{475C9932-7985-4552-9314-C15DD3A2AEE2}.Release|Any CPU.Build.0 = Release|Any CPU
		{F13AC38D-5489-45E2-9EBA-DB96CE45D96D}.Debug|Any CPU.ActiveCfg = Debug|Any CPU
		{F13AC38D-5489-45E2-9EBA-DB96CE45D96D}.Debug|Any CPU.Build.0 = Debug|Any CPU
		{F13AC38D-5489-45E2-9EBA-DB96CE45D96D}.Release|Any CPU.ActiveCfg = Release|Any CPU
		{F13AC38D-5489-45E2-9EBA-DB96CE45D96D}.Release|Any CPU.Build.0 = Release|Any CPU
		{BE1D18FF-B93E-46AA-B4F5-4DD4E5D7D77C}.Debug|Any CPU.ActiveCfg = Debug|Any CPU
		{BE1D18FF-B93E-46AA-B4F5-4DD4E5D7D77C}.Debug|Any CPU.Build.0 = Debug|Any CPU
		{BE1D18FF-B93E-46AA-B4F5-4DD4E5D7D77C}.Release|Any CPU.ActiveCfg = Release|Any CPU
		{BE1D18FF-B93E-46AA-B4F5-4DD4E5D7D77C}.Release|Any CPU.Build.0 = Release|Any CPU
	EndGlobalSection
	GlobalSection(NestedProjects) = preSolution
		{AFDEC2F9-78E0-41EA-A882-40C30EA0190E} = {1FA68DFB-81EB-4AC3-9099-9621500657AB}
		{475C9932-7985-4552-9314-C15DD3A2AEE2} = {AFDEC2F9-78E0-41EA-A882-40C30EA0190E}
		{94144E00-37C8-4B16-AC8F-7F77F3EF9D27} = {1FA68DFB-81EB-4AC3-9099-9621500657AB}
		{F13AC38D-5489-45E2-9EBA-DB96CE45D96D} = {94144E00-37C8-4B16-AC8F-7F77F3EF9D27}
		{6369126F-4271-41CC-9A49-E487BD18544A} = {1FA68DFB-81EB-4AC3-9099-9621500657AB}
		{BE1D18FF-B93E-46AA-B4F5-4DD4E5D7D77C} = {6369126F-4271-41CC-9A49-E487BD18544A}
	EndGlobalSection
EndGlobal
